schema: '2.0'
stages:
  data_ingestion:
    cmd: python -m src.data_ingestion
    deps:
    - path: src/data_ingestion.py
      hash: md5
      md5: e785576abe22aed3e8cc12dac2e0b9c6
      size: 2521
    params:
      params.yaml:
        data_ingestion.test_size: 0.2
    outs:
    - path: data/raw
      hash: md5
      md5: 1a287d34dc172d9f950c03dae35f7e73.dir
      size: 484846
      nfiles: 2
  data_preprocessing:
    cmd: python -m src.data_preprocessing
    deps:
    - path: data/raw
      hash: md5
      md5: 1a287d34dc172d9f950c03dae35f7e73.dir
      size: 484846
      nfiles: 2
    - path: src/data_preprocessing.py
      hash: md5
      md5: ab57ae47209f6798a7f6211779faea1b
      size: 3381
    outs:
    - path: data/interim
      hash: md5
      md5: d99be5cb2b019d747166f90739fa6d08.dir
      size: 260073
      nfiles: 2
  feature_engineering:
    cmd: python -m src.feature_engineering
    deps:
    - path: data/interim
      hash: md5
      md5: d99be5cb2b019d747166f90739fa6d08.dir
      size: 260073
      nfiles: 2
    - path: src/feature_engineering.py
      hash: md5
      md5: 2eca89e445aa23471a41daf232b23d91
      size: 2855
    params:
      params.yaml:
        feature_engineering.max_features: 35
    outs:
    - path: data/processed
      hash: md5
      md5: a8c07e8093dadb60b7a4d952b7a27628.dir
      size: 834750
      nfiles: 2
  model_building:
    cmd: python -m src.model_building
    deps:
    - path: data/processed
      hash: md5
      md5: a8c07e8093dadb60b7a4d952b7a27628.dir
      size: 834750
      nfiles: 2
    - path: src/model_building.py
      hash: md5
      md5: 3c5610447a856a61d4220efa09a4e0ba
      size: 3327
    params:
      params.yaml:
        model_building.n_estimators: 22
        model_building.random_state: 2
    outs:
    - path: models/model.pkl
      hash: md5
      md5: 8078f61df6d50926a1600db00e87d2e6
      size: 720146
