schema: '2.0'
stages:
  data_ingestion:
    cmd: python -m src.data_ingestion
    deps:
    - path: src/data_ingestion.py
      hash: md5
      md5: e785576abe22aed3e8cc12dac2e0b9c6
      size: 2521
    params:
      params.yaml:
        data_ingestion.test_size: 0.3
    outs:
    - path: data/raw
      hash: md5
      md5: d26befd2dda9438254177d9000d9ba1f.dir
      size: 484846
      nfiles: 2
  data_preprocessing:
    cmd: python -m src.data_preprocessing
    deps:
    - path: data/raw
      hash: md5
      md5: d26befd2dda9438254177d9000d9ba1f.dir
      size: 484846
      nfiles: 2
    - path: src/data_preprocessing.py
      hash: md5
      md5: ab57ae47209f6798a7f6211779faea1b
      size: 3381
    outs:
    - path: data/interim
      hash: md5
      md5: 61ca13b2e20854a1f7bacbbcfeca409e.dir
      size: 262513
      nfiles: 2
  feature_engineering:
    cmd: python -m src.feature_engineering
    deps:
    - path: data/interim
      hash: md5
      md5: 61ca13b2e20854a1f7bacbbcfeca409e.dir
      size: 262513
      nfiles: 2
    - path: src/feature_engineering.py
      hash: md5
      md5: 2eca89e445aa23471a41daf232b23d91
      size: 2855
    params:
      params.yaml:
        feature_engineering.max_features: 40
    outs:
    - path: data/processed
      hash: md5
      md5: fe927cbe4eeda8dc5a4cddfa721af1e6.dir
      size: 957276
      nfiles: 2
  model_building:
    cmd: python -m src.model_building
    deps:
    - path: data/processed
      hash: md5
      md5: fe927cbe4eeda8dc5a4cddfa721af1e6.dir
      size: 957276
      nfiles: 2
    - path: src/model_building.py
      hash: md5
      md5: 3c5610447a856a61d4220efa09a4e0ba
      size: 3327
    params:
      params.yaml:
        model_building.n_estimators: 25
        model_building.random_state: 2
    outs:
    - path: models/model.pkl
      hash: md5
      md5: 18790b28084895ca1de98854296e4976
      size: 754747
  model_evaluation:
    cmd: python -m src.model_evaluation
    deps:
    - path: models/model.pkl
      hash: md5
      md5: 18790b28084895ca1de98854296e4976
      size: 754747
    - path: src/model_evaluation.py
      hash: md5
      md5: 15c4d8a5ab6369f4740ac9957b31d3a6
      size: 3519
    outs:
    - path: reports/metrics.json
      hash: md5
      md5: b5bdf0983b69e47d56ad651829a17df1
      size: 145
